PODS:
  - JSQMessagesViewController (7.3.4):
    - JSQSystemSoundPlayer (~> 2.0.1)
  - JSQSystemSoundPlayer (2.0.1)
  - Parsimmon (0.5.0)

DEPENDENCIES:
  - JSQMessagesViewController
  - Parsimmon (~> 0.5.0)

SPEC CHECKSUMS:
  JSQMessagesViewController: 39fed975e3c9f8eba7292071e29eeb541d105e66
  JSQSystemSoundPlayer: c5850e77a4363ffd374cd851154b9af93264ed8d
  Parsimmon: db98d89de71c085dbc7e839f1296dc73cdeb94bb

PODFILE CHECKSUM: 7ab13d91f8fc30d1d1766861c815fce6d188a6ec

COCOAPODS: 1.0.1
